// !$*UTF8*$!
{
	archiveVersion = 1;
	classes = {
	};
	objectVersion = 77;
	objects = {

/* Begin PBXBuildFile section */
		8CDC395F2D29034E008A13BF /* WebRTC in Frameworks */ = {isa = PBXBuildFile; productRef = 8CDC395E2D29034E008A13BF /* WebRTC */; };
		D04BF6622EF1E05A00DF51BC /* swift-gemini-api in Frameworks */ = {isa = PBXBuildFile; productRef = D04BF6612EF1E05A00DF51BC /* swift-gemini-api */; };
		D066260D2EF4AF7100D195F0 /* WidgetKit.framework in Frameworks */ = {isa = PBXBuildFile; fileRef = D066260C2EF4AF7000D195F0 /* WidgetKit.framework */; };
		D066260F2EF4AF7100D195F0 /* SwiftUI.framework in Frameworks */ = {isa = PBXBuildFile; fileRef = D066260E2EF4AF7100D195F0 /* SwiftUI.framework */; };
		D06626202EF4AF7200D195F0 /* JarvisWidgetsExtension.appex in Embed Foundation Extensions */ = {isa = PBXBuildFile; fileRef = D066260A2EF4AF7000D195F0 /* JarvisWidgetsExtension.appex */; settings = {ATTRIBUTES = (RemoveHeadersOnCopy, ); }; };
/* End PBXBuildFile section */

/* Begin PBXContainerItemProxy section */
		D066261E2EF4AF7200D195F0 /* PBXContainerItemProxy */ = {
			isa = PBXContainerItemProxy;
			containerPortal = 8CDC39412D29030B008A13BF /* Project object */;
			proxyType = 1;
			remoteGlobalIDString = D06626092EF4AF7000D195F0;
			remoteInfo = JarvisWidgetsExtension;
		};
/* End PBXContainerItemProxy section */

/* Begin PBXCopyFilesBuildPhase section */
		D06626212EF4AF7200D195F0 /* Embed Foundation Extensions */ = {
			isa = PBXCopyFilesBuildPhase;
			buildActionMask = 2147483647;
			dstPath = "";
			dstSubfolderSpec = 13;
			files = (
				D06626202EF4AF7200D195F0 /* JarvisWidgetsExtension.appex in Embed Foundation Extensions */,
			);
			name = "Embed Foundation Extensions";
			runOnlyForDeploymentPostprocessing = 0;
		};
/* End PBXCopyFilesBuildPhase section */

/* Begin PBXFileReference section */
		8CDC39492D29030B008A13BF /* VoiceModeWebRTCSwift.app */ = {isa = PBXFileReference; explicitFileType = wrapper.application; includeInIndex = 0; path = VoiceModeWebRTCSwift.app; sourceTree = BUILT_PRODUCTS_DIR; };
		D066260A2EF4AF7000D195F0 /* JarvisWidgetsExtension.appex */ = {isa = PBXFileReference; explicitFileType = "wrapper.app-extension"; includeInIndex = 0; path = JarvisWidgetsExtension.appex; sourceTree = BUILT_PRODUCTS_DIR; };
		D066260C2EF4AF7000D195F0 /* WidgetKit.framework */ = {isa = PBXFileReference; lastKnownFileType = wrapper.framework; name = WidgetKit.framework; path = System/Library/Frameworks/WidgetKit.framework; sourceTree = SDKROOT; };
		D066260E2EF4AF7100D195F0 /* SwiftUI.framework */ = {isa = PBXFileReference; lastKnownFileType = wrapper.framework; name = SwiftUI.framework; path = System/Library/Frameworks/SwiftUI.framework; sourceTree = SDKROOT; };
/* End PBXFileReference section */

/* Begin PBXFileSystemSynchronizedBuildFileExceptionSet section */
		D06626252EF4AF7200D195F0 /* Exceptions for "JarvisWidgets" folder in "JarvisWidgetsExtension" target */ = {
			isa = PBXFileSystemSynchronizedBuildFileExceptionSet;
			membershipExceptions = (
				Info.plist,
			);
			target = D06626092EF4AF7000D195F0 /* JarvisWidgetsExtension */;
		};
		D066262B2EF4B14300D195F0 /* Exceptions for "VoiceModeWebRTCSwift" folder in "JarvisWidgetsExtension" target */ = {
			isa = PBXFileSystemSynchronizedBuildFileExceptionSet;
			membershipExceptions = (
				JarvisActivityAttributes.swift,
				StartJarvisIntent.swift,
				ToggleMuteIntent.swift,
			);
			target = D06626092EF4AF7000D195F0 /* JarvisWidgetsExtension */;
		};
		D0E906A42E662E6100999E82 /* Exceptions for "VoiceModeWebRTCSwift" folder in "VoiceModeWebRTCSwift" target */ = {
			isa = PBXFileSystemSynchronizedBuildFileExceptionSet;
			membershipExceptions = (
				Info.plist,
			);
			target = 8CDC39482D29030B008A13BF /* VoiceModeWebRTCSwift */;
		};
/* End PBXFileSystemSynchronizedBuildFileExceptionSet section */

/* Begin PBXFileSystemSynchronizedRootGroup section */
		8CDC394B2D29030B008A13BF /* VoiceModeWebRTCSwift */ = {
			isa = PBXFileSystemSynchronizedRootGroup;
			exceptions = (
				D0E906A42E662E6100999E82 /* Exceptions for "VoiceModeWebRTCSwift" folder in "VoiceModeWebRTCSwift" target */,
				D066262B2EF4B14300D195F0 /* Exceptions for "VoiceModeWebRTCSwift" folder in "JarvisWidgetsExtension" target */,
			);
			path = VoiceModeWebRTCSwift;
			sourceTree = "<group>";
		};
		D06626102EF4AF7100D195F0 /* JarvisWidgets */ = {
			isa = PBXFileSystemSynchronizedRootGroup;
			exceptions = (
				D06626252EF4AF7200D195F0 /* Exceptions for "JarvisWidgets" folder in "JarvisWidgetsExtension" target */,
			);
			path = JarvisWidgets;
			sourceTree = "<group>";
		};
/* End PBXFileSystemSynchronizedRootGroup section */

/* Begin PBXFrameworksBuildPhase section */
		8CDC39462D29030B008A13BF /* Frameworks */ = {
			isa = PBXFrameworksBuildPhase;
			buildActionMask = 2147483647;
			files = (
				D04BF6622EF1E05A00DF51BC /* swift-gemini-api in Frameworks */,
				8CDC395F2D29034E008A13BF /* WebRTC in Frameworks */,
			);
			runOnlyForDeploymentPostprocessing = 0;
		};
		D06626072EF4AF7000D195F0 /* Frameworks */ = {
			isa = PBXFrameworksBuildPhase;
			buildActionMask = 2147483647;
			files = (
				D066260F2EF4AF7100D195F0 /* SwiftUI.framework in Frameworks */,
				D066260D2EF4AF7100D195F0 /* WidgetKit.framework in Frameworks */,
			);
			runOnlyForDeploymentPostprocessing = 0;
		};
/* End PBXFrameworksBuildPhase section */

/* Begin PBXGroup section */
		8CDC39402D29030B008A13BF = {
			isa = PBXGroup;
			children = (
				8CDC394B2D29030B008A13BF /* VoiceModeWebRTCSwift */,
				D06626102EF4AF7100D195F0 /* JarvisWidgets */,
				D066260B2EF4AF7000D195F0 /* Frameworks */,
				8CDC394A2D29030B008A13BF /* Products */,
			);
			sourceTree = "<group>";
		};
		8CDC394A2D29030B008A13BF /* Products */ = {
			isa = PBXGroup;
			children = (
				8CDC39492D29030B008A13BF /* VoiceModeWebRTCSwift.app */,
				D066260A2EF4AF7000D195F0 /* JarvisWidgetsExtension.appex */,
			);
			name = Products;
			sourceTree = "<group>";
		};
		D066260B2EF4AF7000D195F0 /* Frameworks */ = {
			isa = PBXGroup;
			children = (
				D066260C2EF4AF7000D195F0 /* WidgetKit.framework */,
				D066260E2EF4AF7100D195F0 /* SwiftUI.framework */,
			);
			name = Frameworks;
			sourceTree = "<group>";
		};
/* End PBXGroup section */

/* Begin PBXNativeTarget section */
		8CDC39482D29030B008A13BF /* VoiceModeWebRTCSwift */ = {
			isa = PBXNativeTarget;
			buildConfigurationList = 8CDC39572D29030C008A13BF /* Build configuration list for PBXNativeTarget "VoiceModeWebRTCSwift" */;
			buildPhases = (
				8CDC39452D29030B008A13BF /* Sources */,
				8CDC39462D29030B008A13BF /* Frameworks */,
				8CDC39472D29030B008A13BF /* Resources */,
				D06626212EF4AF7200D195F0 /* Embed Foundation Extensions */,
			);
			buildRules = (
			);
			dependencies = (
				D066261F2EF4AF7200D195F0 /* PBXTargetDependency */,
			);
			fileSystemSynchronizedGroups = (
				8CDC394B2D29030B008A13BF /* VoiceModeWebRTCSwift */,
			);
			name = VoiceModeWebRTCSwift;
			packageProductDependencies = (
				8CDC395E2D29034E008A13BF /* WebRTC */,
				D04BF6612EF1E05A00DF51BC /* swift-gemini-api */,
			);
			productName = VoiceModeWebRTCSwift;
			productReference = 8CDC39492D29030B008A13BF /* VoiceModeWebRTCSwift.app */;
			productType = "com.apple.product-type.application";
		};
		D06626092EF4AF7000D195F0 /* JarvisWidgetsExtension */ = {
			isa = PBXNativeTarget;
			buildConfigurationList = D06626242EF4AF7200D195F0 /* Build configuration list for PBXNativeTarget "JarvisWidgetsExtension" */;
			buildPhases = (
				D06626062EF4AF7000D195F0 /* Sources */,
				D06626072EF4AF7000D195F0 /* Frameworks */,
				D06626082EF4AF7000D195F0 /* Resources */,
			);
			buildRules = (
			);
			dependencies = (
			);
			fileSystemSynchronizedGroups = (
				D06626102EF4AF7100D195F0 /* JarvisWidgets */,
			);
			name = JarvisWidgetsExtension;
			packageProductDependencies = (
			);
			productName = JarvisWidgetsExtension;
			productReference = D066260A2EF4AF7000D195F0 /* JarvisWidgetsExtension.appex */;
			productType = "com.apple.product-type.app-extension";
		};
/* End PBXNativeTarget section */

/* Begin PBXProject section */
		8CDC39412D29030B008A13BF /* Project object */ = {
			isa = PBXProject;
			attributes = {
				BuildIndependentTargetsInParallel = 1;
				LastSwiftUpdateCheck = 2610;
				LastUpgradeCheck = 2610;
				TargetAttributes = {
					8CDC39482D29030B008A13BF = {
						CreatedOnToolsVersion = 16.2;
					};
					D06626092EF4AF7000D195F0 = {
						CreatedOnToolsVersion = 26.1.1;
					};
				};
			};
			buildConfigurationList = 8CDC39442D29030B008A13BF /* Build configuration list for PBXProject "Jarvis with MCP" */;
			developmentRegion = en;
			hasScannedForEncodings = 0;
			knownRegions = (
				en,
				Base,
			);
			mainGroup = 8CDC39402D29030B008A13BF;
			minimizedProjectReferenceProxies = 1;
			packageReferences = (
				8CDC395D2D29034E008A13BF /* XCRemoteSwiftPackageReference "WebRTC" */,
				D04BF6602EF1E05A00DF51BC /* XCRemoteSwiftPackageReference "swift-gemini-api" */,
			);
			preferredProjectObjectVersion = 77;
			productRefGroup = 8CDC394A2D29030B008A13BF /* Products */;
			projectDirPath = "";
			projectRoot = "";
			targets = (
				8CDC39482D29030B008A13BF /* VoiceModeWebRTCSwift */,
				D06626092EF4AF7000D195F0 /* JarvisWidgetsExtension */,
			);
		};
/* End PBXProject section */

/* Begin PBXResourcesBuildPhase section */
		8CDC39472D29030B008A13BF /* Resources */ = {
			isa = PBXResourcesBuildPhase;
			buildActionMask = 2147483647;
			files = (
			);
			runOnlyForDeploymentPostprocessing = 0;
		};
		D06626082EF4AF7000D195F0 /* Resources */ = {
			isa = PBXResourcesBuildPhase;
			buildActionMask = 2147483647;
			files = (
			);
			runOnlyForDeploymentPostprocessing = 0;
		};
/* End PBXResourcesBuildPhase section */

/* Begin PBXSourcesBuildPhase section */
		8CDC39452D29030B008A13BF /* Sources */ = {
			isa = PBXSourcesBuildPhase;
			buildActionMask = 2147483647;
			files = (
			);
			runOnlyForDeploymentPostprocessing = 0;
		};
		D06626062EF4AF7000D195F0 /* Sources */ = {
			isa = PBXSourcesBuildPhase;
			buildActionMask = 2147483647;
			files = (
			);
			runOnlyForDeploymentPostprocessing = 0;
		};
/* End PBXSourcesBuildPhase section */

/* Begin PBXTargetDependency section */
		D066261F2EF4AF7200D195F0 /* PBXTargetDependency */ = {
			isa = PBXTargetDependency;
			target = D06626092EF4AF7000D195F0 /* JarvisWidgetsExtension */;
			targetProxy = D066261E2EF4AF7200D195F0 /* PBXContainerItemProxy */;
		};
/* End PBXTargetDependency section */

/* Begin XCBuildConfiguration section */
		8CDC39552D29030C008A13BF /* Debug */ = {
			isa = XCBuildConfiguration;
			buildSettings = {
				ALWAYS_SEARCH_USER_PATHS = NO;
				ASSETCATALOG_COMPILER_GENERATE_SWIFT_ASSET_SYMBOL_EXTENSIONS = YES;
				CLANG_ANALYZER_NONNULL = YES;
				CLANG_ANALYZER_NUMBER_OBJECT_CONVERSION = YES_AGGRESSIVE;
				CLANG_CXX_LANGUAGE_STANDARD = "gnu++20";
				CLANG_ENABLE_MODULES = YES;
				CLANG_ENABLE_OBJC_ARC = YES;
				CLANG_ENABLE_OBJC_WEAK = YES;
				CLANG_WARN_BLOCK_CAPTURE_AUTORELEASING = YES;
				CLANG_WARN_BOOL_CONVERSION = YES;
				CLANG_WARN_COMMA = YES;
				CLANG_WARN_CONSTANT_CONVERSION = YES;
				CLANG_WARN_DEPRECATED_OBJC_IMPLEMENTATIONS = YES;
				CLANG_WARN_DIRECT_OBJC_ISA_USAGE = YES_ERROR;
				CLANG_WARN_DOCUMENTATION_COMMENTS = YES;
				CLANG_WARN_EMPTY_BODY = YES;
				CLANG_WARN_ENUM_CONVERSION = YES;
				CLANG_WARN_INFINITE_RECURSION = YES;
				CLANG_WARN_INT_CONVERSION = YES;
				CLANG_WARN_NON_LITERAL_NULL_CONVERSION = YES;
				CLANG_WARN_OBJC_IMPLICIT_RETAIN_SELF = YES;
				CLANG_WARN_OBJC_LITERAL_CONVERSION = YES;
				CLANG_WARN_OBJC_ROOT_CLASS = YES_ERROR;
				CLANG_WARN_QUOTED_INCLUDE_IN_FRAMEWORK_HEADER = YES;
				CLANG_WARN_RANGE_LOOP_ANALYSIS = YES;
				CLANG_WARN_STRICT_PROTOTYPES = YES;
				CLANG_WARN_SUSPICIOUS_MOVE = YES;
				CLANG_WARN_UNGUARDED_AVAILABILITY = YES_AGGRESSIVE;
				CLANG_WARN_UNREACHABLE_CODE = YES;
				CLANG_WARN__DUPLICATE_METHOD_MATCH = YES;
				COPY_PHASE_STRIP = NO;
				DEBUG_INFORMATION_FORMAT = dwarf;
				DEVELOPMENT_TEAM = W37R3678NP;
				ENABLE_STRICT_OBJC_MSGSEND = YES;
				ENABLE_TESTABILITY = YES;
				ENABLE_USER_SCRIPT_SANDBOXING = YES;
				GCC_C_LANGUAGE_STANDARD = gnu17;
				GCC_DYNAMIC_NO_PIC = NO;
				GCC_NO_COMMON_BLOCKS = YES;
				GCC_OPTIMIZATION_LEVEL = 0;
				GCC_PREPROCESSOR_DEFINITIONS = (
					"DEBUG=1",
					"$(inherited)",
				);
				GCC_WARN_64_TO_32_BIT_CONVERSION = YES;
				GCC_WARN_ABOUT_RETURN_TYPE = YES_ERROR;
				GCC_WARN_UNDECLARED_SELECTOR = YES;
				GCC_WARN_UNINITIALIZED_AUTOS = YES_AGGRESSIVE;
				GCC_WARN_UNUSED_FUNCTION = YES;
				GCC_WARN_UNUSED_VARIABLE = YES;
				IPHONEOS_DEPLOYMENT_TARGET = 18.2;
				LOCALIZATION_PREFERS_STRING_CATALOGS = YES;
				MTL_ENABLE_DEBUG_INFO = INCLUDE_SOURCE;
				MTL_FAST_MATH = YES;
				ONLY_ACTIVE_ARCH = YES;
				SDKROOT = iphoneos;
				STRING_CATALOG_GENERATE_SYMBOLS = YES;
				SWIFT_ACTIVE_COMPILATION_CONDITIONS = "DEBUG $(inherited)";
				SWIFT_OPTIMIZATION_LEVEL = "-Onone";
			};
			name = Debug;
		};
		8CDC39562D29030C008A13BF /* Release */ = {
			isa = XCBuildConfiguration;
			buildSettings = {
				ALWAYS_SEARCH_USER_PATHS = NO;
				ASSETCATALOG_COMPILER_GENERATE_SWIFT_ASSET_SYMBOL_EXTENSIONS = YES;
				CLANG_ANALYZER_NONNULL = YES;
				CLANG_ANALYZER_NUMBER_OBJECT_CONVERSION = YES_AGGRESSIVE;
				CLANG_CXX_LANGUAGE_STANDARD = "gnu++20";
				CLANG_ENABLE_MODULES = YES;
				CLANG_ENABLE_OBJC_ARC = YES;
				CLANG_ENABLE_OBJC_WEAK = YES;
				CLANG_WARN_BLOCK_CAPTURE_AUTORELEASING = YES;
				CLANG_WARN_BOOL_CONVERSION = YES;
				CLANG_WARN_COMMA = YES;
				CLANG_WARN_CONSTANT_CONVERSION = YES;
				CLANG_WARN_DEPRECATED_OBJC_IMPLEMENTATIONS = YES;
				CLANG_WARN_DIRECT_OBJC_ISA_USAGE = YES_ERROR;
				CLANG_WARN_DOCUMENTATION_COMMENTS = YES;
				CLANG_WARN_EMPTY_BODY = YES;
				CLANG_WARN_ENUM_CONVERSION = YES;
				CLANG_WARN_INFINITE_RECURSION = YES;
				CLANG_WARN_INT_CONVERSION = YES;
				CLANG_WARN_NON_LITERAL_NULL_CONVERSION = YES;
				CLANG_WARN_OBJC_IMPLICIT_RETAIN_SELF = YES;
				CLANG_WARN_OBJC_LITERAL_CONVERSION = YES;
				CLANG_WARN_OBJC_ROOT_CLASS = YES_ERROR;
				CLANG_WARN_QUOTED_INCLUDE_IN_FRAMEWORK_HEADER = YES;
				CLANG_WARN_RANGE_LOOP_ANALYSIS = YES;
				CLANG_WARN_STRICT_PROTOTYPES = YES;
				CLANG_WARN_SUSPICIOUS_MOVE = YES;
				CLANG_WARN_UNGUARDED_AVAILABILITY = YES_AGGRESSIVE;
				CLANG_WARN_UNREACHABLE_CODE = YES;
				CLANG_WARN__DUPLICATE_METHOD_MATCH = YES;
				COPY_PHASE_STRIP = NO;
				DEBUG_INFORMATION_FORMAT = "dwarf-with-dsym";
				DEVELOPMENT_TEAM = W37R3678NP;
				ENABLE_NS_ASSERTIONS = NO;
				ENABLE_STRICT_OBJC_MSGSEND = YES;
				ENABLE_USER_SCRIPT_SANDBOXING = YES;
				GCC_C_LANGUAGE_STANDARD = gnu17;
				GCC_NO_COMMON_BLOCKS = YES;
				GCC_WARN_64_TO_32_BIT_CONVERSION = YES;
				GCC_WARN_ABOUT_RETURN_TYPE = YES_ERROR;
				GCC_WARN_UNDECLARED_SELECTOR = YES;
				GCC_WARN_UNINITIALIZED_AUTOS = YES_AGGRESSIVE;
				GCC_WARN_UNUSED_FUNCTION = YES;
				GCC_WARN_UNUSED_VARIABLE = YES;
				IPHONEOS_DEPLOYMENT_TARGET = 18.2;
				LOCALIZATION_PREFERS_STRING_CATALOGS = YES;
				MTL_ENABLE_DEBUG_INFO = NO;
				MTL_FAST_MATH = YES;
				SDKROOT = iphoneos;
				STRING_CATALOG_GENERATE_SYMBOLS = YES;
				SWIFT_COMPILATION_MODE = wholemodule;
				VALIDATE_PRODUCT = YES;
			};
			name = Release;
		};
		8CDC39582D29030C008A13BF /* Debug */ = {
			isa = XCBuildConfiguration;
			buildSettings = {
				ASSETCATALOG_COMPILER_APPICON_NAME = AppIcon;
				ASSETCATALOG_COMPILER_GLOBAL_ACCENT_COLOR_NAME = AccentColor;
				CODE_SIGN_STYLE = Automatic;
				CURRENT_PROJECT_VERSION = 1;
				DEVELOPMENT_ASSET_PATHS = "\"VoiceModeWebRTCSwift/Preview Content\"";
				ENABLE_PREVIEWS = YES;
				GENERATE_INFOPLIST_FILE = YES;
				INFOPLIST_FILE = VoiceModeWebRTCSwift/Info.plist;
				INFOPLIST_KEY_CFBundleDisplayName = "Jarvis with MCP";
				INFOPLIST_KEY_LSApplicationCategoryType = "";
				INFOPLIST_KEY_NSCalendarsUsageDescription = "This app needs access to your calendar to create events.";
				INFOPLIST_KEY_NSCameraUsageDescription = "This app uses the camera to provide video input to the AI assistant, allowing it to see and respond to visual content.";
				INFOPLIST_KEY_NSContactsUsageDescription = "This app accesses your contacts to help you send messages by name instead of phone numbers.";
				INFOPLIST_KEY_NSMicrophoneUsageDescription = "This app uses the microphone for voice conversations with the AI assistant.";
				INFOPLIST_KEY_NSRemindersFullAccessUsageDescription = "Jarvis needs full reminders access so it can read and update your tasks end-to-end.";
				INFOPLIST_KEY_UIApplicationSceneManifest_Generation = YES;
				INFOPLIST_KEY_UIApplicationSupportsIndirectInputEvents = YES;
				INFOPLIST_KEY_UILaunchScreen_Generation = YES;
				INFOPLIST_KEY_UISupportedInterfaceOrientations_iPad = "UIInterfaceOrientationPortrait UIInterfaceOrientationPortraitUpsideDown UIInterfaceOrientationLandscapeLeft UIInterfaceOrientationLandscapeRight";
				INFOPLIST_KEY_UISupportedInterfaceOrientations_iPhone = "UIInterfaceOrientationPortrait UIInterfaceOrientationLandscapeLeft UIInterfaceOrientationLandscapeRight";
				IPHONEOS_DEPLOYMENT_TARGET = 17.0;
				LD_RUNPATH_SEARCH_PATHS = (
					"$(inherited)",
					"@executable_path/Frameworks",
				);
				MARKETING_VERSION = 1.0;
				PRODUCT_BUNDLE_IDENTIFIER = sampleApp.VoiceModeWebRTCSwift;
				PRODUCT_NAME = "$(TARGET_NAME)";
				SWIFT_EMIT_LOC_STRINGS = YES;
				SWIFT_VERSION = 5.0;
				TARGETED_DEVICE_FAMILY = "1,2";
			};
			name = Debug;
		};
		8CDC39592D29030C008A13BF /* Release */ = {
			isa = XCBuildConfiguration;
			buildSettings = {
				ASSETCATALOG_COMPILER_APPICON_NAME = AppIcon;
				ASSETCATALOG_COMPILER_GLOBAL_ACCENT_COLOR_NAME = AccentColor;
				CODE_SIGN_STYLE = Automatic;
				CURRENT_PROJECT_VERSION = 1;
				DEVELOPMENT_ASSET_PATHS = "\"VoiceModeWebRTCSwift/Preview Content\"";
				ENABLE_PREVIEWS = YES;
				GENERATE_INFOPLIST_FILE = YES;
				INFOPLIST_FILE = VoiceModeWebRTCSwift/Info.plist;
				INFOPLIST_KEY_CFBundleDisplayName = "Jarvis with MCP";
				INFOPLIST_KEY_LSApplicationCategoryType = "";
				INFOPLIST_KEY_NSCalendarsUsageDescription = "This app needs access to your calendar to create events.";
				INFOPLIST_KEY_NSCameraUsageDescription = "This app uses the camera to provide video input to the AI assistant, allowing it to see and respond to visual content.";
				INFOPLIST_KEY_NSContactsUsageDescription = "This app accesses your contacts to help you send messages by name instead of phone numbers.";
				INFOPLIST_KEY_NSMicrophoneUsageDescription = "This app uses the microphone for voice conversations with the AI assistant.";
				INFOPLIST_KEY_NSRemindersFullAccessUsageDescription = "Jarvis needs full reminders access so it can read and update your tasks end-to-end.";
				INFOPLIST_KEY_UIApplicationSceneManifest_Generation = YES;
				INFOPLIST_KEY_UIApplicationSupportsIndirectInputEvents = YES;
				INFOPLIST_KEY_UILaunchScreen_Generation = YES;
				INFOPLIST_KEY_UISupportedInterfaceOrientations_iPad = "UIInterfaceOrientationPortrait UIInterfaceOrientationPortraitUpsideDown UIInterfaceOrientationLandscapeLeft UIInterfaceOrientationLandscapeRight";
				INFOPLIST_KEY_UISupportedInterfaceOrientations_iPhone = "UIInterfaceOrientationPortrait UIInterfaceOrientationLandscapeLeft UIInterfaceOrientationLandscapeRight";
				IPHONEOS_DEPLOYMENT_TARGET = 17.0;
				LD_RUNPATH_SEARCH_PATHS = (
					"$(inherited)",
					"@executable_path/Frameworks",
				);
				MARKETING_VERSION = 1.0;
				PRODUCT_BUNDLE_IDENTIFIER = sampleApp.VoiceModeWebRTCSwift;
				PRODUCT_NAME = "$(TARGET_NAME)";
				SWIFT_EMIT_LOC_STRINGS = YES;
				SWIFT_VERSION = 5.0;
				TARGETED_DEVICE_FAMILY = "1,2";
			};
			name = Release;
		};
		D06626222EF4AF7200D195F0 /* Debug */ = {
			isa = XCBuildConfiguration;
			buildSettings = {
				ASSETCATALOG_COMPILER_GLOBAL_ACCENT_COLOR_NAME = AccentColor;
				ASSETCATALOG_COMPILER_WIDGET_BACKGROUND_COLOR_NAME = WidgetBackground;
				CODE_SIGN_STYLE = Automatic;
				CURRENT_PROJECT_VERSION = 1;
				GENERATE_INFOPLIST_FILE = YES;
				INFOPLIST_FILE = JarvisWidgets/Info.plist;
				INFOPLIST_KEY_CFBundleDisplayName = JarvisWidgets;
				INFOPLIST_KEY_NSHumanReadableCopyright = "";
				IPHONEOS_DEPLOYMENT_TARGET = 26.1;
				LD_RUNPATH_SEARCH_PATHS = (
					"$(inherited)",
					"@executable_path/Frameworks",
					"@executable_path/../../Frameworks",
				);
				MARKETING_VERSION = 1.0;
				PRODUCT_BUNDLE_IDENTIFIER = sampleApp.VoiceModeWebRTCSwift.JarvisWidgets;
				PRODUCT_NAME = "$(TARGET_NAME)";
				SKIP_INSTALL = YES;
				STRING_CATALOG_GENERATE_SYMBOLS = YES;
				SWIFT_APPROACHABLE_CONCURRENCY = YES;
				SWIFT_EMIT_LOC_STRINGS = YES;
				SWIFT_UPCOMING_FEATURE_MEMBER_IMPORT_VISIBILITY = YES;
				SWIFT_VERSION = 5.0;
				TARGETED_DEVICE_FAMILY = "1,2";
			};
			name = Debug;
		};
		D06626232EF4AF7200D195F0 /* Release */ = {
			isa = XCBuildConfiguration;
			buildSettings = {
				ASSETCATALOG_COMPILER_GLOBAL_ACCENT_COLOR_NAME = AccentColor;
				ASSETCATALOG_COMPILER_WIDGET_BACKGROUND_COLOR_NAME = WidgetBackground;
				CODE_SIGN_STYLE = Automatic;
				CURRENT_PROJECT_VERSION = 1;
				GENERATE_INFOPLIST_FILE = YES;
				INFOPLIST_FILE = JarvisWidgets/Info.plist;
				INFOPLIST_KEY_CFBundleDisplayName = JarvisWidgets;
				INFOPLIST_KEY_NSHumanReadableCopyright = "";
				IPHONEOS_DEPLOYMENT_TARGET = 26.1;
				LD_RUNPATH_SEARCH_PATHS = (
					"$(inherited)",
					"@executable_path/Frameworks",
					"@executable_path/../../Frameworks",
				);
				MARKETING_VERSION = 1.0;
				PRODUCT_BUNDLE_IDENTIFIER = sampleApp.VoiceModeWebRTCSwift.JarvisWidgets;
				PRODUCT_NAME = "$(TARGET_NAME)";
				SKIP_INSTALL = YES;
				STRING_CATALOG_GENERATE_SYMBOLS = YES;
				SWIFT_APPROACHABLE_CONCURRENCY = YES;
				SWIFT_EMIT_LOC_STRINGS = YES;
				SWIFT_UPCOMING_FEATURE_MEMBER_IMPORT_VISIBILITY = YES;
				SWIFT_VERSION = 5.0;
				TARGETED_DEVICE_FAMILY = "1,2";
			};
			name = Release;
		};
/* End XCBuildConfiguration section */

/* Begin XCConfigurationList section */
		8CDC39442D29030B008A13BF /* Build configuration list for PBXProject "Jarvis with MCP" */ = {
			isa = XCConfigurationList;
			buildConfigurations = (
				8CDC39552D29030C008A13BF /* Debug */,
				8CDC39562D29030C008A13BF /* Release */,
			);
			defaultConfigurationIsVisible = 0;
			defaultConfigurationName = Release;
		};
		8CDC39572D29030C008A13BF /* Build configuration list for PBXNativeTarget "VoiceModeWebRTCSwift" */ = {
			isa = XCConfigurationList;
			buildConfigurations = (
				8CDC39582D29030C008A13BF /* Debug */,
				8CDC39592D29030C008A13BF /* Release */,
			);
			defaultConfigurationIsVisible = 0;
			defaultConfigurationName = Release;
		};
		D06626242EF4AF7200D195F0 /* Build configuration list for PBXNativeTarget "JarvisWidgetsExtension" */ = {
			isa = XCConfigurationList;
			buildConfigurations = (
				D06626222EF4AF7200D195F0 /* Debug */,
				D06626232EF4AF7200D195F0 /* Release */,
			);
			defaultConfigurationIsVisible = 0;
			defaultConfigurationName = Release;
		};
/* End XCConfigurationList section */

/* Begin XCRemoteSwiftPackageReference section */
		8CDC395D2D29034E008A13BF /* XCRemoteSwiftPackageReference "WebRTC" */ = {
			isa = XCRemoteSwiftPackageReference;
			repositoryURL = "https://github.com/stasel/WebRTC.git";
			requirement = {
				kind = upToNextMajorVersion;
				minimumVersion = 130.0.0;
			};
		};
		D04BF6602EF1E05A00DF51BC /* XCRemoteSwiftPackageReference "swift-gemini-api" */ = {
			isa = XCRemoteSwiftPackageReference;
			repositoryURL = "https://github.com/phinehas2020/swift-gemini-api";
			requirement = {
				kind = revision;
				revision = a6ece65c35b7b6a5c83a68c406dd6700232597fe;
			};
		};
/* End XCRemoteSwiftPackageReference section */

/* Begin XCSwiftPackageProductDependency section */
		8CDC395E2D29034E008A13BF /* WebRTC */ = {
			isa = XCSwiftPackageProductDependency;
			package = 8CDC395D2D29034E008A13BF /* XCRemoteSwiftPackageReference "WebRTC" */;
			productName = WebRTC;
		};
		D04BF6612EF1E05A00DF51BC /* swift-gemini-api */ = {
			isa = XCSwiftPackageProductDependency;
			package = D04BF6602EF1E05A00DF51BC /* XCRemoteSwiftPackageReference "swift-gemini-api" */;
			productName = "swift-gemini-api";
		};
/* End XCSwiftPackageProductDependency section */
	};
	rootObject = 8CDC39412D29030B008A13BF /* Project object */;
}
